// !$*UTF8*$!
{
	archiveVersion = 1;
	classes = {
	};
	objectVersion = 46;
	objects = {

/* Begin PBXBuildFile section */
		6FA850121F218F8A0034F5F2 /* AppDelegate.swift in Sources */ = {isa = PBXBuildFile; fileRef = 6FA850111F218F8A0034F5F2 /* AppDelegate.swift */; };
		6FA850141F218F8A0034F5F2 /* ViewController.swift in Sources */ = {isa = PBXBuildFile; fileRef = 6FA850131F218F8A0034F5F2 /* ViewController.swift */; };
		6FA850171F218F8A0034F5F2 /* Main.storyboard in Resources */ = {isa = PBXBuildFile; fileRef = 6FA850151F218F8A0034F5F2 /* Main.storyboard */; };
		6FA850191F218F8A0034F5F2 /* Assets.xcassets in Resources */ = {isa = PBXBuildFile; fileRef = 6FA850181F218F8A0034F5F2 /* Assets.xcassets */; };
		6FA8501C1F218F8A0034F5F2 /* LaunchScreen.storyboard in Resources */ = {isa = PBXBuildFile; fileRef = 6FA8501A1F218F8A0034F5F2 /* LaunchScreen.storyboard */; };
		6FA850271F218F8A0034F5F2 /* TrainingExe1Tests.swift in Sources */ = {isa = PBXBuildFile; fileRef = 6FA850261F218F8A0034F5F2 /* TrainingExe1Tests.swift */; };
		6FA850321F218F8A0034F5F2 /* TrainingExe1UITests.swift in Sources */ = {isa = PBXBuildFile; fileRef = 6FA850311F218F8A0034F5F2 /* TrainingExe1UITests.swift */; };
/* End PBXBuildFile section */

/* Begin PBXContainerItemProxy section */
		6FA850231F218F8A0034F5F2 /* PBXContainerItemProxy */ = {
			isa = PBXContainerItemProxy;
			containerPortal = 6FA850061F218F8A0034F5F2 /* Project object */;
			proxyType = 1;
			remoteGlobalIDString = 6FA8500D1F218F8A0034F5F2;
			remoteInfo = TrainingExe1;
		};
		6FA8502E1F218F8A0034F5F2 /* PBXContainerItemProxy */ = {
			isa = PBXContainerItemProxy;
			containerPortal = 6FA850061F218F8A0034F5F2 /* Project object */;
			proxyType = 1;
			remoteGlobalIDString = 6FA8500D1F218F8A0034F5F2;
			remoteInfo = TrainingExe1;
		};
/* End PBXContainerItemProxy section */

/* Begin PBXFileReference section */
		6FA8500E1F218F8A0034F5F2 /* TrainingExe1.app */ = {isa = PBXFileReference; explicitFileType = wrapper.application; includeInIndex = 0; path = TrainingExe1.app; sourceTree = BUILT_PRODUCTS_DIR; };
		6FA850111F218F8A0034F5F2 /* AppDelegate.swift */ = {isa = PBXFileReference; lastKnownFileType = sourcecode.swift; path = AppDelegate.swift; sourceTree = "<group>"; };
		6FA850131F218F8A0034F5F2 /* ViewController.swift */ = {isa = PBXFileReference; lastKnownFileType = sourcecode.swift; path = ViewController.swift; sourceTree = "<group>"; };
		6FA850161F218F8A0034F5F2 /* Base */ = {isa = PBXFileReference; lastKnownFileType = file.storyboard; name = Base; path = Base.lproj/Main.storyboard; sourceTree = "<group>"; };
		6FA850181F218F8A0034F5F2 /* Assets.xcassets */ = {isa = PBXFileReference; lastKnownFileType = folder.assetcatalog; path = Assets.xcassets; sourceTree = "<group>"; };
		6FA8501B1F218F8A0034F5F2 /* Base */ = {isa = PBXFileReference; lastKnownFileType = file.storyboard; name = Base; path = Base.lproj/LaunchScreen.storyboard; sourceTree = "<group>"; };
		6FA8501D1F218F8A0034F5F2 /* Info.plist */ = {isa = PBXFileReference; lastKnownFileType = text.plist.xml; path = Info.plist; sourceTree = "<group>"; };
		6FA850221F218F8A0034F5F2 /* TrainingExe1Tests.xctest */ = {isa = PBXFileReference; explicitFileType = wrapper.cfbundle; includeInIndex = 0; path = TrainingExe1Tests.xctest; sourceTree = BUILT_PRODUCTS_DIR; };
		6FA850261F218F8A0034F5F2 /* TrainingExe1Tests.swift */ = {isa = PBXFileReference; lastKnownFileType = sourcecode.swift; path = TrainingExe1Tests.swift; sourceTree = "<group>"; };
		6FA850281F218F8A0034F5F2 /* Info.plist */ = {isa = PBXFileReference; lastKnownFileType = text.plist.xml; path = Info.plist; sourceTree = "<group>"; };
		6FA8502D1F218F8A0034F5F2 /* TrainingExe1UITests.xctest */ = {isa = PBXFileReference; explicitFileType = wrapper.cfbundle; includeInIndex = 0; path = TrainingExe1UITests.xctest; sourceTree = BUILT_PRODUCTS_DIR; };
		6FA850311F218F8A0034F5F2 /* TrainingExe1UITests.swift */ = {isa = PBXFileReference; lastKnownFileType = sourcecode.swift; path = TrainingExe1UITests.swift; sourceTree = "<group>"; };
		6FA850331F218F8A0034F5F2 /* Info.plist */ = {isa = PBXFileReference; lastKnownFileType = text.plist.xml; path = Info.plist; sourceTree = "<group>"; };
/* End PBXFileReference section */

/* Begin PBXFrameworksBuildPhase section */
		6FA8500B1F218F8A0034F5F2 /* Frameworks */ = {
			isa = PBXFrameworksBuildPhase;
			buildActionMask = 2147483647;
			files = (
			);
			runOnlyForDeploymentPostprocessing = 0;
		};
		6FA8501F1F218F8A0034F5F2 /* Frameworks */ = {
			isa = PBXFrameworksBuildPhase;
			buildActionMask = 2147483647;
			files = (
			);
			runOnlyForDeploymentPostprocessing = 0;
		};
		6FA8502A1F218F8A0034F5F2 /* Frameworks */ = {
			isa = PBXFrameworksBuildPhase;
			buildActionMask = 2147483647;
			files = (
			);
			runOnlyForDeploymentPostprocessing = 0;
		};
/* End PBXFrameworksBuildPhase section */

/* Begin PBXGroup section */
		6FA850051F218F8A0034F5F2 = {
			isa = PBXGroup;
			children = (
				6FA850101F218F8A0034F5F2 /* TrainingExe1 */,
				6FA850251F218F8A0034F5F2 /* TrainingExe1Tests */,
				6FA850301F218F8A0034F5F2 /* TrainingExe1UITests */,
				6FA8500F1F218F8A0034F5F2 /* Products */,
			);
			sourceTree = "<group>";
		};
		6FA8500F1F218F8A0034F5F2 /* Products */ = {
			isa = PBXGroup;
			children = (
				6FA8500E1F218F8A0034F5F2 /* TrainingExe1.app */,
				6FA850221F218F8A0034F5F2 /* TrainingExe1Tests.xctest */,
				6FA8502D1F218F8A0034F5F2 /* TrainingExe1UITests.xctest */,
			);
			name = Products;
			sourceTree = "<group>";
		};
		6FA850101F218F8A0034F5F2 /* TrainingExe1 */ = {
			isa = PBXGroup;
			children = (
				6FA850111F218F8A0034F5F2 /* AppDelegate.swift */,
				6FA850131F218F8A0034F5F2 /* ViewController.swift */,
				6FA850151F218F8A0034F5F2 /* Main.storyboard */,
				6FA850181F218F8A0034F5F2 /* Assets.xcassets */,
				6FA8501A1F218F8A0034F5F2 /* LaunchScreen.storyboard */,
				6FA8501D1F218F8A0034F5F2 /* Info.plist */,
			);
			path = TrainingExe1;
			sourceTree = "<group>";
		};
		6FA850251F218F8A0034F5F2 /* TrainingExe1Tests */ = {
			isa = PBXGroup;
			children = (
				6FA850261F218F8A0034F5F2 /* TrainingExe1Tests.swift */,
				6FA850281F218F8A0034F5F2 /* Info.plist */,
			);
			path = TrainingExe1Tests;
			sourceTree = "<group>";
		};
		6FA850301F218F8A0034F5F2 /* TrainingExe1UITests */ = {
			isa = PBXGroup;
			children = (
				6FA850311F218F8A0034F5F2 /* TrainingExe1UITests.swift */,
				6FA850331F218F8A0034F5F2 /* Info.plist */,
			);
			path = TrainingExe1UITests;
			sourceTree = "<group>";
		};
/* End PBXGroup section */

/* Begin PBXNativeTarget section */
		6FA8500D1F218F8A0034F5F2 /* TrainingExe1 */ = {
			isa = PBXNativeTarget;
			buildConfigurationList = 6FA850361F218F8A0034F5F2 /* Build configuration list for PBXNativeTarget "TrainingExe1" */;
			buildPhases = (
				6FA8500A1F218F8A0034F5F2 /* Sources */,
				6FA8500B1F218F8A0034F5F2 /* Frameworks */,
				6FA8500C1F218F8A0034F5F2 /* Resources */,
			);
			buildRules = (
			);
			dependencies = (
			);
			name = TrainingExe1;
			productName = TrainingExe1;
			productReference = 6FA8500E1F218F8A0034F5F2 /* TrainingExe1.app */;
			productType = "com.apple.product-type.application";
		};
		6FA850211F218F8A0034F5F2 /* TrainingExe1Tests */ = {
			isa = PBXNativeTarget;
			buildConfigurationList = 6FA850391F218F8A0034F5F2 /* Build configuration list for PBXNativeTarget "TrainingExe1Tests" */;
			buildPhases = (
				6FA8501E1F218F8A0034F5F2 /* Sources */,
				6FA8501F1F218F8A0034F5F2 /* Frameworks */,
				6FA850201F218F8A0034F5F2 /* Resources */,
			);
			buildRules = (
			);
			dependencies = (
				6FA850241F218F8A0034F5F2 /* PBXTargetDependency */,
			);
			name = TrainingExe1Tests;
			productName = TrainingExe1Tests;
			productReference = 6FA850221F218F8A0034F5F2 /* TrainingExe1Tests.xctest */;
			productType = "com.apple.product-type.bundle.unit-test";
		};
		6FA8502C1F218F8A0034F5F2 /* TrainingExe1UITests */ = {
			isa = PBXNativeTarget;
			buildConfigurationList = 6FA8503C1F218F8A0034F5F2 /* Build configuration list for PBXNativeTarget "TrainingExe1UITests" */;
			buildPhases = (
				6FA850291F218F8A0034F5F2 /* Sources */,
				6FA8502A1F218F8A0034F5F2 /* Frameworks */,
				6FA8502B1F218F8A0034F5F2 /* Resources */,
			);
			buildRules = (
			);
			dependencies = (
				6FA8502F1F218F8A0034F5F2 /* PBXTargetDependency */,
			);
			name = TrainingExe1UITests;
			productName = TrainingExe1UITests;
			productReference = 6FA8502D1F218F8A0034F5F2 /* TrainingExe1UITests.xctest */;
			productType = "com.apple.product-type.bundle.ui-testing";
		};
/* End PBXNativeTarget section */

/* Begin PBXProject section */
		6FA850061F218F8A0034F5F2 /* Project object */ = {
			isa = PBXProject;
			attributes = {
				LastSwiftUpdateCheck = 0830;
				LastUpgradeCheck = 0830;
				ORGANIZATIONNAME = leeboy;
				TargetAttributes = {
					6FA8500D1F218F8A0034F5F2 = {
						CreatedOnToolsVersion = 8.3;
						ProvisioningStyle = Automatic;
					};
					6FA850211F218F8A0034F5F2 = {
						CreatedOnToolsVersion = 8.3;
						ProvisioningStyle = Automatic;
						TestTargetID = 6FA8500D1F218F8A0034F5F2;
					};
					6FA8502C1F218F8A0034F5F2 = {
						CreatedOnToolsVersion = 8.3;
						ProvisioningStyle = Automatic;
						TestTargetID = 6FA8500D1F218F8A0034F5F2;
					};
				};
			};
			buildConfigurationList = 6FA850091F218F8A0034F5F2 /* Build configuration list for PBXProject "TrainingExe1" */;
			compatibilityVersion = "Xcode 3.2";
			developmentRegion = English;
			hasScannedForEncodings = 0;
			knownRegions = (
				en,
				Base,
			);
			mainGroup = 6FA850051F218F8A0034F5F2;
			productRefGroup = 6FA8500F1F218F8A0034F5F2 /* Products */;
			projectDirPath = "";
			projectRoot = "";
			targets = (
				6FA8500D1F218F8A0034F5F2 /* TrainingExe1 */,
				6FA850211F218F8A0034F5F2 /* TrainingExe1Tests */,
				6FA8502C1F218F8A0034F5F2 /* TrainingExe1UITests */,
			);
		};
/* End PBXProject section */

/* Begin PBXResourcesBuildPhase section */
		6FA8500C1F218F8A0034F5F2 /* Resources */ = {
			isa = PBXResourcesBuildPhase;
			buildActionMask = 2147483647;
			files = (
				6FA8501C1F218F8A0034F5F2 /* LaunchScreen.storyboard in Resources */,
				6FA850191F218F8A0034F5F2 /* Assets.xcassets in Resources */,
				6FA850171F218F8A0034F5F2 /* Main.storyboard in Resources */,
			);
			runOnlyForDeploymentPostprocessing = 0;
		};
		6FA850201F218F8A0034F5F2 /* Resources */ = {
			isa = PBXResourcesBuildPhase;
			buildActionMask = 2147483647;
			files = (
			);
			runOnlyForDeploymentPostprocessing = 0;
		};
		6FA8502B1F218F8A0034F5F2 /* Resources */ = {
			isa = PBXResourcesBuildPhase;
			buildActionMask = 2147483647;
			files = (
			);
			runOnlyForDeploymentPostprocessing = 0;
		};
/* End PBXResourcesBuildPhase section */

/* Begin PBXSourcesBuildPhase section */
		6FA8500A1F218F8A0034F5F2 /* Sources */ = {
			isa = PBXSourcesBuildPhase;
			buildActionMask = 2147483647;
			files = (
				6FA850141F218F8A0034F5F2 /* ViewController.swift in Sources */,
				6FA850121F218F8A0034F5F2 /* AppDelegate.swift in Sources */,
			);
			runOnlyForDeploymentPostprocessing = 0;
		};
		6FA8501E1F218F8A0034F5F2 /* Sources */ = {
			isa = PBXSourcesBuildPhase;
			buildActionMask = 2147483647;
			files = (
				6FA850271F218F8A0034F5F2 /* TrainingExe1Tests.swift in Sources */,
			);
			runOnlyForDeploymentPostprocessing = 0;
		};
		6FA850291F218F8A0034F5F2 /* Sources */ = {
			isa = PBXSourcesBuildPhase;
			buildActionMask = 2147483647;
			files = (
				6FA850321F218F8A0034F5F2 /* TrainingExe1UITests.swift in Sources */,
			);
			runOnlyForDeploymentPostprocessing = 0;
		};
/* End PBXSourcesBuildPhase section */

/* Begin PBXTargetDependency section */
		6FA850241F218F8A0034F5F2 /* PBXTargetDependency */ = {
			isa = PBXTargetDependency;
			target = 6FA8500D1F218F8A0034F5F2 /* TrainingExe1 */;
			targetProxy = 6FA850231F218F8A0034F5F2 /* PBXContainerItemProxy */;
		};
		6FA8502F1F218F8A0034F5F2 /* PBXTargetDependency */ = {
			isa = PBXTargetDependency;
			target = 6FA8500D1F218F8A0034F5F2 /* TrainingExe1 */;
			targetProxy = 6FA8502E1F218F8A0034F5F2 /* PBXContainerItemProxy */;
		};
/* End PBXTargetDependency section */

/* Begin PBXVariantGroup section */
		6FA850151F218F8A0034F5F2 /* Main.storyboard */ = {
			isa = PBXVariantGroup;
			children = (
				6FA850161F218F8A0034F5F2 /* Base */,
			);
			name = Main.storyboard;
			sourceTree = "<group>";
		};
		6FA8501A1F218F8A0034F5F2 /* LaunchScreen.storyboard */ = {
			isa = PBXVariantGroup;
			children = (
				6FA8501B1F218F8A0034F5F2 /* Base */,
			);
			name = LaunchScreen.storyboard;
			sourceTree = "<group>";
		};
/* End PBXVariantGroup section */

/* Begin XCBuildConfiguration section */
		6FA850341F218F8A0034F5F2 /* Debug */ = {
			isa = XCBuildConfiguration;
			buildSettings = {
				ALWAYS_SEARCH_USER_PATHS = NO;
				CLANG_ANALYZER_NONNULL = YES;
				CLANG_ANALYZER_NUMBER_OBJECT_CONVERSION = YES_AGGRESSIVE;
				CLANG_CXX_LANGUAGE_STANDARD = "gnu++0x";
				CLANG_CXX_LIBRARY = "libc++";
				CLANG_ENABLE_MODULES = YES;
				CLANG_ENABLE_OBJC_ARC = YES;
				CLANG_WARN_BOOL_CONVERSION = YES;
				CLANG_WARN_CONSTANT_CONVERSION = YES;
				CLANG_WARN_DIRECT_OBJC_ISA_USAGE = YES_ERROR;
				CLANG_WARN_DOCUMENTATION_COMMENTS = YES;
				CLANG_WARN_EMPTY_BODY = YES;
				CLANG_WARN_ENUM_CONVERSION = YES;
				CLANG_WARN_INFINITE_RECURSION = YES;
				CLANG_WARN_INT_CONVERSION = YES;
				CLANG_WARN_OBJC_ROOT_CLASS = YES_ERROR;
				CLANG_WARN_SUSPICIOUS_MOVE = YES;
				CLANG_WARN_UNREACHABLE_CODE = YES;
				CLANG_WARN__DUPLICATE_METHOD_MATCH = YES;
				"CODE_SIGN_IDENTITY[sdk=iphoneos*]" = "iPhone Developer";
				COPY_PHASE_STRIP = NO;
				DEBUG_INFORMATION_FORMAT = dwarf;
				ENABLE_STRICT_OBJC_MSGSEND = YES;
				ENABLE_TESTABILITY = YES;
				GCC_C_LANGUAGE_STANDARD = gnu99;
				GCC_DYNAMIC_NO_PIC = NO;
				GCC_NO_COMMON_BLOCKS = YES;
				GCC_OPTIMIZATION_LEVEL = 0;
				GCC_PREPROCESSOR_DEFINITIONS = (
					"DEBUG=1",
					"$(inherited)",
				);
				GCC_WARN_64_TO_32_BIT_CONVERSION = YES;
				GCC_WARN_ABOUT_RETURN_TYPE = YES_ERROR;
				GCC_WARN_UNDECLARED_SELECTOR = YES;
				GCC_WARN_UNINITIALIZED_AUTOS = YES_AGGRESSIVE;
				GCC_WARN_UNUSED_FUNCTION = YES;
				GCC_WARN_UNUSED_VARIABLE = YES;
				IPHONEOS_DEPLOYMENT_TARGET = 10.3;
				MTL_ENABLE_DEBUG_INFO = YES;
				ONLY_ACTIVE_ARCH = YES;
				SDKROOT = iphoneos;
				SWIFT_ACTIVE_COMPILATION_CONDITIONS = DEBUG;
				SWIFT_OPTIMIZATION_LEVEL = "-Onone";
				TARGETED_DEVICE_FAMILY = "1,2";
			};
			name = Debug;
		};
		6FA850351F218F8A0034F5F2 /* Release */ = {
			isa = XCBuildConfiguration;
			buildSettings = {
				ALWAYS_SEARCH_USER_PATHS = NO;
				CLANG_ANALYZER_NONNULL = YES;
				CLANG_ANALYZER_NUMBER_OBJECT_CONVERSION = YES_AGGRESSIVE;
				CLANG_CXX_LANGUAGE_STANDARD = "gnu++0x";
				CLANG_CXX_LIBRARY = "libc++";
				CLANG_ENABLE_MODULES = YES;
				CLANG_ENABLE_OBJC_ARC = YES;
				CLANG_WARN_BOOL_CONVERSION = YES;
				CLANG_WARN_CONSTANT_CONVERSION = YES;
				CLANG_WARN_DIRECT_OBJC_ISA_USAGE = YES_ERROR;
				CLANG_WARN_DOCUMENTATION_COMMENTS = YES;
				CLANG_WARN_EMPTY_BODY = YES;
				CLANG_WARN_ENUM_CONVERSION = YES;
				CLANG_WARN_INFINITE_RECURSION = YES;
				CLANG_WARN_INT_CONVERSION = YES;
				CLANG_WARN_OBJC_ROOT_CLASS = YES_ERROR;
				CLANG_WARN_SUSPICIOUS_MOVE = YES;
				CLANG_WARN_UNREACHABLE_CODE = YES;
				CLANG_WARN__DUPLICATE_METHOD_MATCH = YES;
				"CODE_SIGN_IDENTITY[sdk=iphoneos*]" = "iPhone Developer";
				COPY_PHASE_STRIP = NO;
				DEBUG_INFORMATION_FORMAT = "dwarf-with-dsym";
				ENABLE_NS_ASSERTIONS = NO;
				ENABLE_STRICT_OBJC_MSGSEND = YES;
				GCC_C_LANGUAGE_STANDARD = gnu99;
				GCC_NO_COMMON_BLOCKS = YES;
				GCC_WARN_64_TO_32_BIT_CONVERSION = YES;
				GCC_WARN_ABOUT_RETURN_TYPE = YES_ERROR;
				GCC_WARN_UNDECLARED_SELECTOR = YES;
				GCC_WARN_UNINITIALIZED_AUTOS = YES_AGGRESSIVE;
				GCC_WARN_UNUSED_FUNCTION = YES;
				GCC_WARN_UNUSED_VARIABLE = YES;
				IPHONEOS_DEPLOYMENT_TARGET = 10.3;
				MTL_ENABLE_DEBUG_INFO = NO;
				SDKROOT = iphoneos;
				SWIFT_OPTIMIZATION_LEVEL = "-Owholemodule";
				TARGETED_DEVICE_FAMILY = "1,2";
				VALIDATE_PRODUCT = YES;
			};
			name = Release;
		};
		6FA850371F218F8A0034F5F2 /* Debug */ = {
			isa = XCBuildConfiguration;
			buildSettings = {
				ASSETCATALOG_COMPILER_APPICON_NAME = AppIcon;
				INFOPLIST_FILE = TrainingExe1/Info.plist;
				LD_RUNPATH_SEARCH_PATHS = "$(inherited) @executable_path/Frameworks";
				PRODUCT_BUNDLE_IDENTIFIER = com.mrlee.TrainingExe1;
				PRODUCT_NAME = "$(TARGET_NAME)";
				SWIFT_VERSION = 3.0;
			};
			name = Debug;
		};
		6FA850381F218F8A0034F5F2 /* Release */ = {
			isa = XCBuildConfiguration;
			buildSettings = {
				ASSETCATALOG_COMPILER_APPICON_NAME = AppIcon;
				INFOPLIST_FILE = TrainingExe1/Info.plist;
				LD_RUNPATH_SEARCH_PATHS = "$(inherited) @executable_path/Frameworks";
				PRODUCT_BUNDLE_IDENTIFIER = com.mrlee.TrainingExe1;
				PRODUCT_NAME = "$(TARGET_NAME)";
				SWIFT_VERSION = 3.0;
			};
			name = Release;
		};
		6FA8503A1F218F8A0034F5F2 /* Debug */ = {
			isa = XCBuildConfiguration;
			buildSettings = {
				ALWAYS_EMBED_SWIFT_STANDARD_LIBRARIES = YES;
				BUNDLE_LOADER = "$(TEST_HOST)";
				INFOPLIST_FILE = TrainingExe1Tests/Info.plist;
				LD_RUNPATH_SEARCH_PATHS = "$(inherited) @executable_path/Frameworks @loader_path/Frameworks";
				PRODUCT_BUNDLE_IDENTIFIER = com.mrlee.TrainingExe1Tests;
				PRODUCT_NAME = "$(TARGET_NAME)";
				SWIFT_VERSION = 3.0;
				TEST_HOST = "$(BUILT_PRODUCTS_DIR)/TrainingExe1.app/TrainingExe1";
			};
			name = Debug;
		};
		6FA8503B1F218F8A0034F5F2 /* Release */ = {
			isa = XCBuildConfiguration;
			buildSettings = {
				ALWAYS_EMBED_SWIFT_STANDARD_LIBRARIES = YES;
				BUNDLE_LOADER = "$(TEST_HOST)";
				INFOPLIST_FILE = TrainingExe1Tests/Info.plist;
				LD_RUNPATH_SEARCH_PATHS = "$(inherited) @executable_path/Frameworks @loader_path/Frameworks";
				PRODUCT_BUNDLE_IDENTIFIER = com.mrlee.TrainingExe1Tests;
				PRODUCT_NAME = "$(TARGET_NAME)";
				SWIFT_VERSION = 3.0;
				TEST_HOST = "$(BUILT_PRODUCTS_DIR)/TrainingExe1.app/TrainingExe1";
			};
			name = Release;
		};
		6FA8503D1F218F8A0034F5F2 /* Debug */ = {
			isa = XCBuildConfiguration;
			buildSettings = {
				ALWAYS_EMBED_SWIFT_STANDARD_LIBRARIES = YES;
				INFOPLIST_FILE = TrainingExe1UITests/Info.plist;
				LD_RUNPATH_SEARCH_PATHS = "$(inherited) @executable_path/Frameworks @loader_path/Frameworks";
				PRODUCT_BUNDLE_IDENTIFIER = com.mrlee.TrainingExe1UITests;
				PRODUCT_NAME = "$(TARGET_NAME)";
				SWIFT_VERSION = 3.0;
				TEST_TARGET_NAME = TrainingExe1;
			};
			name = Debug;
		};
		6FA8503E1F218F8A0034F5F2 /* Release */ = {
			isa = XCBuildConfiguration;
			buildSettings = {
				ALWAYS_EMBED_SWIFT_STANDARD_LIBRARIES = YES;
				INFOPLIST_FILE = TrainingExe1UITests/Info.plist;
				LD_RUNPATH_SEARCH_PATHS = "$(inherited) @executable_path/Frameworks @loader_path/Frameworks";
				PRODUCT_BUNDLE_IDENTIFIER = com.mrlee.TrainingExe1UITests;
				PRODUCT_NAME = "$(TARGET_NAME)";
				SWIFT_VERSION = 3.0;
				TEST_TARGET_NAME = TrainingExe1;
			};
			name = Release;
		};
/* End XCBuildConfiguration section */

/* Begin XCConfigurationList section */
		6FA850091F218F8A0034F5F2 /* Build configuration list for PBXProject "TrainingExe1" */ = {
			isa = XCConfigurationList;
			buildConfigurations = (
				6FA850341F218F8A0034F5F2 /* Debug */,
				6FA850351F218F8A0034F5F2 /* Release */,
			);
			defaultConfigurationIsVisible = 0;
			defaultConfigurationName = Release;
		};
		6FA850361F218F8A0034F5F2 /* Build configuration list for PBXNativeTarget "TrainingExe1" */ = {
			isa = XCConfigurationList;
			buildConfigurations = (
				6FA850371F218F8A0034F5F2 /* Debug */,
				6FA850381F218F8A0034F5F2 /* Release */,
			);
			defaultConfigurationIsVisible = 0;
		};
		6FA850391F218F8A0034F5F2 /* Build configuration list for PBXNativeTarget "TrainingExe1Tests" */ = {
			isa = XCConfigurationList;
			buildConfigurations = (
				6FA8503A1F218F8A0034F5F2 /* Debug */,
				6FA8503B1F218F8A0034F5F2 /* Release */,
			);
			defaultConfigurationIsVisible = 0;
		};
		6FA8503C1F218F8A0034F5F2 /* Build configuration list for PBXNativeTarget "TrainingExe1UITests" */ = {
			isa = XCConfigurationList;
			buildConfigurations = (
				6FA8503D1F218F8A0034F5F2 /* Debug */,
				6FA8503E1F218F8A0034F5F2 /* Release */,
			);
			defaultConfigurationIsVisible = 0;
		};
/* End XCConfigurationList section */
	};
	rootObject = 6FA850061F218F8A0034F5F2 /* Project object */;
}
